// !$*UTF8*$!
{
	archiveVersion = 1;
	classes = {
	};
	objectVersion = 46;
	objects = {

/* Begin PBXBuildFile section */
		860AE2A31F574305004B9F65 /* ContactControllerViewModel.swift in Sources */ = {isa = PBXBuildFile; fileRef = 860AE29D1F574305004B9F65 /* ContactControllerViewModel.swift */; };
		860AE2A41F574305004B9F65 /* ContactControllerViewModelMapper.swift in Sources */ = {isa = PBXBuildFile; fileRef = 860AE29E1F574305004B9F65 /* ContactControllerViewModelMapper.swift */; };
		860AE2A51F574305004B9F65 /* ContactPresenter.swift in Sources */ = {isa = PBXBuildFile; fileRef = 860AE29F1F574305004B9F65 /* ContactPresenter.swift */; };
		860AE2A61F574305004B9F65 /* ContactPresenterImplementation.swift in Sources */ = {isa = PBXBuildFile; fileRef = 860AE2A01F574305004B9F65 /* ContactPresenterImplementation.swift */; };
		860AE2A71F574305004B9F65 /* ContactViewContract.swift in Sources */ = {isa = PBXBuildFile; fileRef = 860AE2A11F574305004B9F65 /* ContactViewContract.swift */; };
		860AE2A81F574305004B9F65 /* ContactViewController.swift in Sources */ = {isa = PBXBuildFile; fileRef = 860AE2A21F574305004B9F65 /* ContactViewController.swift */; };
		860AE2AD1F599C88004B9F65 /* ContactTableViewModel.swift in Sources */ = {isa = PBXBuildFile; fileRef = 860AE2AC1F599C88004B9F65 /* ContactTableViewModel.swift */; };
		860AE2AF1F599D56004B9F65 /* ContactTableViewDataSource.swift in Sources */ = {isa = PBXBuildFile; fileRef = 860AE2AE1F599D56004B9F65 /* ContactTableViewDataSource.swift */; };
		860AE2B11F599DE5004B9F65 /* ContactTableViewCell.swift in Sources */ = {isa = PBXBuildFile; fileRef = 860AE2B01F599DE5004B9F65 /* ContactTableViewCell.swift */; };
		860AE2B41F59A258004B9F65 /* ContactCellViewModel.swift in Sources */ = {isa = PBXBuildFile; fileRef = 860AE2B31F59A258004B9F65 /* ContactCellViewModel.swift */; };
		860AE2B61F59B3A1004B9F65 /* ContactTableViewModelMapper.swift in Sources */ = {isa = PBXBuildFile; fileRef = 860AE2B51F59B3A1004B9F65 /* ContactTableViewModelMapper.swift */; };
		860AE2B81F59B40D004B9F65 /* ContactCellViewModelMapper.swift in Sources */ = {isa = PBXBuildFile; fileRef = 860AE2B71F59B40D004B9F65 /* ContactCellViewModelMapper.swift */; };
		862095BF1F4D7DB8005B1C7C /* ViewRounded.swift in Sources */ = {isa = PBXBuildFile; fileRef = 862095BE1F4D7DB8005B1C7C /* ViewRounded.swift */; };
		862095C11F545E41005B1C7C /* StringLocalized.swift in Sources */ = {isa = PBXBuildFile; fileRef = 862095C01F545E41005B1C7C /* StringLocalized.swift */; };
		863ECEA11F69378700817C6D /* Results.swift in Sources */ = {isa = PBXBuildFile; fileRef = 863ECEA01F69378700817C6D /* Results.swift */; };
		863ECEA31F69645500817C6D /* CVError.swift in Sources */ = {isa = PBXBuildFile; fileRef = 863ECEA21F69645500817C6D /* CVError.swift */; };
		864F5EBA1F714131001E7064 /* FormationCoordinator.swift in Sources */ = {isa = PBXBuildFile; fileRef = 864F5EB91F714131001E7064 /* FormationCoordinator.swift */; };
		864F5ECB1F71512D001E7064 /* FormationDetailControllerViewModel.swift in Sources */ = {isa = PBXBuildFile; fileRef = 864F5EC51F71512D001E7064 /* FormationDetailControllerViewModel.swift */; };
		864F5ECC1F71512D001E7064 /* FormationDetailControllerViewModelMapper.swift in Sources */ = {isa = PBXBuildFile; fileRef = 864F5EC61F71512D001E7064 /* FormationDetailControllerViewModelMapper.swift */; };
		864F5ECD1F71512D001E7064 /* FormationDetailPresenter.swift in Sources */ = {isa = PBXBuildFile; fileRef = 864F5EC71F71512D001E7064 /* FormationDetailPresenter.swift */; };
		864F5ECE1F71512D001E7064 /* FormationDetailPresenterImplementation.swift in Sources */ = {isa = PBXBuildFile; fileRef = 864F5EC81F71512D001E7064 /* FormationDetailPresenterImplementation.swift */; };
		864F5ECF1F71512D001E7064 /* FormationDetailViewContract.swift in Sources */ = {isa = PBXBuildFile; fileRef = 864F5EC91F71512D001E7064 /* FormationDetailViewContract.swift */; };
		864F5ED01F71512D001E7064 /* FormationDetailViewController.swift in Sources */ = {isa = PBXBuildFile; fileRef = 864F5ECA1F71512D001E7064 /* FormationDetailViewController.swift */; };
		865F30F61F6A75F400F41B5C /* FormationControllerViewModel.swift in Sources */ = {isa = PBXBuildFile; fileRef = 865F30F01F6A75F400F41B5C /* FormationControllerViewModel.swift */; };
		865F30F71F6A75F400F41B5C /* FormationControllerViewModelMapper.swift in Sources */ = {isa = PBXBuildFile; fileRef = 865F30F11F6A75F400F41B5C /* FormationControllerViewModelMapper.swift */; };
		865F30F81F6A75F400F41B5C /* FormationPresenter.swift in Sources */ = {isa = PBXBuildFile; fileRef = 865F30F21F6A75F400F41B5C /* FormationPresenter.swift */; };
		865F30F91F6A75F400F41B5C /* FormationPresenterImplementation.swift in Sources */ = {isa = PBXBuildFile; fileRef = 865F30F31F6A75F400F41B5C /* FormationPresenterImplementation.swift */; };
		865F30FA1F6A75F400F41B5C /* FormationViewContract.swift in Sources */ = {isa = PBXBuildFile; fileRef = 865F30F41F6A75F400F41B5C /* FormationViewContract.swift */; };
		865F30FB1F6A75F400F41B5C /* FormationViewController.swift in Sources */ = {isa = PBXBuildFile; fileRef = 865F30F51F6A75F400F41B5C /* FormationViewController.swift */; };
		867DA5181F59DC0F000C5AC2 /* UITableView+Registerable.swift in Sources */ = {isa = PBXBuildFile; fileRef = 867DA5171F59DC0F000C5AC2 /* UITableView+Registerable.swift */; };
		867DA51C1F5C9743000C5AC2 /* ContactRepository.swift in Sources */ = {isa = PBXBuildFile; fileRef = 867DA51A1F5C9743000C5AC2 /* ContactRepository.swift */; };
		867DA51D1F5C9743000C5AC2 /* LocalContactRepository.swift in Sources */ = {isa = PBXBuildFile; fileRef = 867DA51B1F5C9743000C5AC2 /* LocalContactRepository.swift */; };
		867DA51F1F5CA536000C5AC2 /* RepositoryFactory.swift in Sources */ = {isa = PBXBuildFile; fileRef = 867DA51E1F5CA536000C5AC2 /* RepositoryFactory.swift */; };
		867DA5221F5D57CF000C5AC2 /* MailRepository.swift in Sources */ = {isa = PBXBuildFile; fileRef = 867DA5201F5D57CF000C5AC2 /* MailRepository.swift */; };
		867DA5231F5D57CF000C5AC2 /* TemplateMailRepository.swift in Sources */ = {isa = PBXBuildFile; fileRef = 867DA5211F5D57CF000C5AC2 /* TemplateMailRepository.swift */; };
		867FF31D1F6C33620085A80D /* FormationCollectionViewModel.swift in Sources */ = {isa = PBXBuildFile; fileRef = 867FF31C1F6C33620085A80D /* FormationCollectionViewModel.swift */; };
		867FF31F1F6C33AB0085A80D /* FormationCellViewModel.swift in Sources */ = {isa = PBXBuildFile; fileRef = 867FF31E1F6C33AB0085A80D /* FormationCellViewModel.swift */; };
		867FF3211F6C34680085A80D /* FormationCollectionViewModelMapper.swift in Sources */ = {isa = PBXBuildFile; fileRef = 867FF3201F6C34680085A80D /* FormationCollectionViewModelMapper.swift */; };
		867FF3231F6C36810085A80D /* FormationCellViewModelMapper.swift in Sources */ = {isa = PBXBuildFile; fileRef = 867FF3221F6C36810085A80D /* FormationCellViewModelMapper.swift */; };
		867FF3251F6C38E70085A80D /* FormationCollectionViewDataSource.swift in Sources */ = {isa = PBXBuildFile; fileRef = 867FF3241F6C38E70085A80D /* FormationCollectionViewDataSource.swift */; };
		867FF3281F6C39DD0085A80D /* FormationCollectionViewCell.swift in Sources */ = {isa = PBXBuildFile; fileRef = 867FF3271F6C39DD0085A80D /* FormationCollectionViewCell.swift */; };
		867FF32C1F6C3BED0085A80D /* UICollectionView+Registerable.swift in Sources */ = {isa = PBXBuildFile; fileRef = 867FF32B1F6C3BED0085A80D /* UICollectionView+Registerable.swift */; };
		86CE0CA71F1BC64D00DA0916 /* AppDelegate.swift in Sources */ = {isa = PBXBuildFile; fileRef = 86CE0CA61F1BC64D00DA0916 /* AppDelegate.swift */; };
		86CE0CAE1F1BC64E00DA0916 /* Assets.xcassets in Resources */ = {isa = PBXBuildFile; fileRef = 86CE0CAD1F1BC64E00DA0916 /* Assets.xcassets */; };
		86CE0CB11F1BC64E00DA0916 /* LaunchScreen.storyboard in Resources */ = {isa = PBXBuildFile; fileRef = 86CE0CAF1F1BC64E00DA0916 /* LaunchScreen.storyboard */; };
		86E4402B1F4A0FE70040BD55 /* MainCoordinator.swift in Sources */ = {isa = PBXBuildFile; fileRef = 86E4402A1F4A0FE70040BD55 /* MainCoordinator.swift */; };
		86E4402E1F4A10DF0040BD55 /* Coordinator.swift in Sources */ = {isa = PBXBuildFile; fileRef = 86E4402D1F4A10DF0040BD55 /* Coordinator.swift */; };
		86E4403C1F4A163F0040BD55 /* HomeControllerViewModel.swift in Sources */ = {isa = PBXBuildFile; fileRef = 86E440361F4A163F0040BD55 /* HomeControllerViewModel.swift */; };
		86E4403D1F4A163F0040BD55 /* HomeControllerViewModelMapper.swift in Sources */ = {isa = PBXBuildFile; fileRef = 86E440371F4A163F0040BD55 /* HomeControllerViewModelMapper.swift */; };
		86E4403E1F4A163F0040BD55 /* HomePresenter.swift in Sources */ = {isa = PBXBuildFile; fileRef = 86E440381F4A163F0040BD55 /* HomePresenter.swift */; };
		86E4403F1F4A163F0040BD55 /* HomePresenterImplementation.swift in Sources */ = {isa = PBXBuildFile; fileRef = 86E440391F4A163F0040BD55 /* HomePresenterImplementation.swift */; };
		86E440401F4A163F0040BD55 /* HomeViewContract.swift in Sources */ = {isa = PBXBuildFile; fileRef = 86E4403A1F4A163F0040BD55 /* HomeViewContract.swift */; };
		86E440411F4A163F0040BD55 /* HomeViewController.swift in Sources */ = {isa = PBXBuildFile; fileRef = 86E4403B1F4A163F0040BD55 /* HomeViewController.swift */; };
		86E440441F4A16A40040BD55 /* Startable.swift in Sources */ = {isa = PBXBuildFile; fileRef = 86E440431F4A16A40040BD55 /* Startable.swift */; };
		86E440461F4A1A050040BD55 /* ViewControllerFactory.swift in Sources */ = {isa = PBXBuildFile; fileRef = 86E440451F4A1A050040BD55 /* ViewControllerFactory.swift */; };
		86E4404B1F4AE7810040BD55 /* Color.swift in Sources */ = {isa = PBXBuildFile; fileRef = 86E4404A1F4AE7810040BD55 /* Color.swift */; };
		86E440511F4B2C8D0040BD55 /* Localizable.strings in Resources */ = {isa = PBXBuildFile; fileRef = 86E4404F1F4B2C8D0040BD55 /* Localizable.strings */; };
/* End PBXBuildFile section */

/* Begin PBXFileReference section */
		860AE29D1F574305004B9F65 /* ContactControllerViewModel.swift */ = {isa = PBXFileReference; fileEncoding = 4; lastKnownFileType = sourcecode.swift; path = ContactControllerViewModel.swift; sourceTree = "<group>"; };
		860AE29E1F574305004B9F65 /* ContactControllerViewModelMapper.swift */ = {isa = PBXFileReference; fileEncoding = 4; lastKnownFileType = sourcecode.swift; path = ContactControllerViewModelMapper.swift; sourceTree = "<group>"; };
		860AE29F1F574305004B9F65 /* ContactPresenter.swift */ = {isa = PBXFileReference; fileEncoding = 4; lastKnownFileType = sourcecode.swift; path = ContactPresenter.swift; sourceTree = "<group>"; };
		860AE2A01F574305004B9F65 /* ContactPresenterImplementation.swift */ = {isa = PBXFileReference; fileEncoding = 4; lastKnownFileType = sourcecode.swift; path = ContactPresenterImplementation.swift; sourceTree = "<group>"; };
		860AE2A11F574305004B9F65 /* ContactViewContract.swift */ = {isa = PBXFileReference; fileEncoding = 4; lastKnownFileType = sourcecode.swift; path = ContactViewContract.swift; sourceTree = "<group>"; };
		860AE2A21F574305004B9F65 /* ContactViewController.swift */ = {isa = PBXFileReference; fileEncoding = 4; lastKnownFileType = sourcecode.swift; path = ContactViewController.swift; sourceTree = "<group>"; };
		860AE2AC1F599C88004B9F65 /* ContactTableViewModel.swift */ = {isa = PBXFileReference; fileEncoding = 4; lastKnownFileType = sourcecode.swift; path = ContactTableViewModel.swift; sourceTree = "<group>"; };
		860AE2AE1F599D56004B9F65 /* ContactTableViewDataSource.swift */ = {isa = PBXFileReference; fileEncoding = 4; lastKnownFileType = sourcecode.swift; path = ContactTableViewDataSource.swift; sourceTree = "<group>"; };
		860AE2B01F599DE5004B9F65 /* ContactTableViewCell.swift */ = {isa = PBXFileReference; fileEncoding = 4; lastKnownFileType = sourcecode.swift; path = ContactTableViewCell.swift; sourceTree = "<group>"; };
		860AE2B31F59A258004B9F65 /* ContactCellViewModel.swift */ = {isa = PBXFileReference; fileEncoding = 4; lastKnownFileType = sourcecode.swift; path = ContactCellViewModel.swift; sourceTree = "<group>"; };
		860AE2B51F59B3A1004B9F65 /* ContactTableViewModelMapper.swift */ = {isa = PBXFileReference; fileEncoding = 4; lastKnownFileType = sourcecode.swift; path = ContactTableViewModelMapper.swift; sourceTree = "<group>"; };
		860AE2B71F59B40D004B9F65 /* ContactCellViewModelMapper.swift */ = {isa = PBXFileReference; fileEncoding = 4; lastKnownFileType = sourcecode.swift; path = ContactCellViewModelMapper.swift; sourceTree = "<group>"; };
		862095BE1F4D7DB8005B1C7C /* ViewRounded.swift */ = {isa = PBXFileReference; fileEncoding = 4; lastKnownFileType = sourcecode.swift; path = ViewRounded.swift; sourceTree = "<group>"; };
		862095C01F545E41005B1C7C /* StringLocalized.swift */ = {isa = PBXFileReference; fileEncoding = 4; lastKnownFileType = sourcecode.swift; path = StringLocalized.swift; sourceTree = "<group>"; };
		863ECEA01F69378700817C6D /* Results.swift */ = {isa = PBXFileReference; fileEncoding = 4; lastKnownFileType = sourcecode.swift; path = Results.swift; sourceTree = "<group>"; };
		863ECEA21F69645500817C6D /* CVError.swift */ = {isa = PBXFileReference; fileEncoding = 4; lastKnownFileType = sourcecode.swift; path = CVError.swift; sourceTree = "<group>"; };
		864F5EB91F714131001E7064 /* FormationCoordinator.swift */ = {isa = PBXFileReference; fileEncoding = 4; lastKnownFileType = sourcecode.swift; path = FormationCoordinator.swift; sourceTree = "<group>"; };
		864F5EC51F71512D001E7064 /* FormationDetailControllerViewModel.swift */ = {isa = PBXFileReference; fileEncoding = 4; lastKnownFileType = sourcecode.swift; path = FormationDetailControllerViewModel.swift; sourceTree = "<group>"; };
		864F5EC61F71512D001E7064 /* FormationDetailControllerViewModelMapper.swift */ = {isa = PBXFileReference; fileEncoding = 4; lastKnownFileType = sourcecode.swift; path = FormationDetailControllerViewModelMapper.swift; sourceTree = "<group>"; };
		864F5EC71F71512D001E7064 /* FormationDetailPresenter.swift */ = {isa = PBXFileReference; fileEncoding = 4; lastKnownFileType = sourcecode.swift; path = FormationDetailPresenter.swift; sourceTree = "<group>"; };
		864F5EC81F71512D001E7064 /* FormationDetailPresenterImplementation.swift */ = {isa = PBXFileReference; fileEncoding = 4; lastKnownFileType = sourcecode.swift; path = FormationDetailPresenterImplementation.swift; sourceTree = "<group>"; };
		864F5EC91F71512D001E7064 /* FormationDetailViewContract.swift */ = {isa = PBXFileReference; fileEncoding = 4; lastKnownFileType = sourcecode.swift; path = FormationDetailViewContract.swift; sourceTree = "<group>"; };
		864F5ECA1F71512D001E7064 /* FormationDetailViewController.swift */ = {isa = PBXFileReference; fileEncoding = 4; lastKnownFileType = sourcecode.swift; path = FormationDetailViewController.swift; sourceTree = "<group>"; };
		865F30F01F6A75F400F41B5C /* FormationControllerViewModel.swift */ = {isa = PBXFileReference; fileEncoding = 4; lastKnownFileType = sourcecode.swift; path = FormationControllerViewModel.swift; sourceTree = "<group>"; };
		865F30F11F6A75F400F41B5C /* FormationControllerViewModelMapper.swift */ = {isa = PBXFileReference; fileEncoding = 4; lastKnownFileType = sourcecode.swift; path = FormationControllerViewModelMapper.swift; sourceTree = "<group>"; };
		865F30F21F6A75F400F41B5C /* FormationPresenter.swift */ = {isa = PBXFileReference; fileEncoding = 4; lastKnownFileType = sourcecode.swift; path = FormationPresenter.swift; sourceTree = "<group>"; };
		865F30F31F6A75F400F41B5C /* FormationPresenterImplementation.swift */ = {isa = PBXFileReference; fileEncoding = 4; lastKnownFileType = sourcecode.swift; path = FormationPresenterImplementation.swift; sourceTree = "<group>"; };
		865F30F41F6A75F400F41B5C /* FormationViewContract.swift */ = {isa = PBXFileReference; fileEncoding = 4; lastKnownFileType = sourcecode.swift; path = FormationViewContract.swift; sourceTree = "<group>"; };
		865F30F51F6A75F400F41B5C /* FormationViewController.swift */ = {isa = PBXFileReference; fileEncoding = 4; lastKnownFileType = sourcecode.swift; path = FormationViewController.swift; sourceTree = "<group>"; };
		867DA5171F59DC0F000C5AC2 /* UITableView+Registerable.swift */ = {isa = PBXFileReference; fileEncoding = 4; lastKnownFileType = sourcecode.swift; path = "UITableView+Registerable.swift"; sourceTree = "<group>"; };
		867DA51A1F5C9743000C5AC2 /* ContactRepository.swift */ = {isa = PBXFileReference; fileEncoding = 4; lastKnownFileType = sourcecode.swift; path = ContactRepository.swift; sourceTree = "<group>"; };
		867DA51B1F5C9743000C5AC2 /* LocalContactRepository.swift */ = {isa = PBXFileReference; fileEncoding = 4; lastKnownFileType = sourcecode.swift; path = LocalContactRepository.swift; sourceTree = "<group>"; };
		867DA51E1F5CA536000C5AC2 /* RepositoryFactory.swift */ = {isa = PBXFileReference; fileEncoding = 4; lastKnownFileType = sourcecode.swift; path = RepositoryFactory.swift; sourceTree = "<group>"; };
		867DA5201F5D57CF000C5AC2 /* MailRepository.swift */ = {isa = PBXFileReference; fileEncoding = 4; lastKnownFileType = sourcecode.swift; path = MailRepository.swift; sourceTree = "<group>"; };
		867DA5211F5D57CF000C5AC2 /* TemplateMailRepository.swift */ = {isa = PBXFileReference; fileEncoding = 4; lastKnownFileType = sourcecode.swift; path = TemplateMailRepository.swift; sourceTree = "<group>"; };
		867FF31C1F6C33620085A80D /* FormationCollectionViewModel.swift */ = {isa = PBXFileReference; fileEncoding = 4; lastKnownFileType = sourcecode.swift; path = FormationCollectionViewModel.swift; sourceTree = "<group>"; };
		867FF31E1F6C33AB0085A80D /* FormationCellViewModel.swift */ = {isa = PBXFileReference; fileEncoding = 4; lastKnownFileType = sourcecode.swift; path = FormationCellViewModel.swift; sourceTree = "<group>"; };
		867FF3201F6C34680085A80D /* FormationCollectionViewModelMapper.swift */ = {isa = PBXFileReference; fileEncoding = 4; lastKnownFileType = sourcecode.swift; path = FormationCollectionViewModelMapper.swift; sourceTree = "<group>"; };
		867FF3221F6C36810085A80D /* FormationCellViewModelMapper.swift */ = {isa = PBXFileReference; fileEncoding = 4; lastKnownFileType = sourcecode.swift; path = FormationCellViewModelMapper.swift; sourceTree = "<group>"; };
		867FF3241F6C38E70085A80D /* FormationCollectionViewDataSource.swift */ = {isa = PBXFileReference; fileEncoding = 4; lastKnownFileType = sourcecode.swift; path = FormationCollectionViewDataSource.swift; sourceTree = "<group>"; };
		867FF3271F6C39DD0085A80D /* FormationCollectionViewCell.swift */ = {isa = PBXFileReference; fileEncoding = 4; lastKnownFileType = sourcecode.swift; path = FormationCollectionViewCell.swift; sourceTree = "<group>"; };
		867FF32B1F6C3BED0085A80D /* UICollectionView+Registerable.swift */ = {isa = PBXFileReference; fileEncoding = 4; lastKnownFileType = sourcecode.swift; path = "UICollectionView+Registerable.swift"; sourceTree = "<group>"; };
		86CE0CA31F1BC64D00DA0916 /* CV.app */ = {isa = PBXFileReference; explicitFileType = wrapper.application; includeInIndex = 0; path = CV.app; sourceTree = BUILT_PRODUCTS_DIR; };
		86CE0CA61F1BC64D00DA0916 /* AppDelegate.swift */ = {isa = PBXFileReference; lastKnownFileType = sourcecode.swift; path = AppDelegate.swift; sourceTree = "<group>"; };
		86CE0CAD1F1BC64E00DA0916 /* Assets.xcassets */ = {isa = PBXFileReference; lastKnownFileType = folder.assetcatalog; path = Assets.xcassets; sourceTree = "<group>"; };
		86CE0CB01F1BC64E00DA0916 /* Base */ = {isa = PBXFileReference; lastKnownFileType = file.storyboard; name = Base; path = Base.lproj/LaunchScreen.storyboard; sourceTree = "<group>"; };
		86CE0CB21F1BC64E00DA0916 /* Info.plist */ = {isa = PBXFileReference; lastKnownFileType = text.plist.xml; path = Info.plist; sourceTree = "<group>"; };
		86CEFA7F1F4B30DC00CC18D3 /* fr */ = {isa = PBXFileReference; lastKnownFileType = text.plist.strings; name = fr; path = fr.lproj/Localizable.strings; sourceTree = "<group>"; };
		86E4402A1F4A0FE70040BD55 /* MainCoordinator.swift */ = {isa = PBXFileReference; fileEncoding = 4; lastKnownFileType = sourcecode.swift; path = MainCoordinator.swift; sourceTree = "<group>"; };
		86E4402D1F4A10DF0040BD55 /* Coordinator.swift */ = {isa = PBXFileReference; fileEncoding = 4; lastKnownFileType = sourcecode.swift; path = Coordinator.swift; sourceTree = "<group>"; };
		86E440361F4A163F0040BD55 /* HomeControllerViewModel.swift */ = {isa = PBXFileReference; fileEncoding = 4; lastKnownFileType = sourcecode.swift; path = HomeControllerViewModel.swift; sourceTree = "<group>"; };
		86E440371F4A163F0040BD55 /* HomeControllerViewModelMapper.swift */ = {isa = PBXFileReference; fileEncoding = 4; lastKnownFileType = sourcecode.swift; path = HomeControllerViewModelMapper.swift; sourceTree = "<group>"; };
		86E440381F4A163F0040BD55 /* HomePresenter.swift */ = {isa = PBXFileReference; fileEncoding = 4; lastKnownFileType = sourcecode.swift; path = HomePresenter.swift; sourceTree = "<group>"; };
		86E440391F4A163F0040BD55 /* HomePresenterImplementation.swift */ = {isa = PBXFileReference; fileEncoding = 4; lastKnownFileType = sourcecode.swift; path = HomePresenterImplementation.swift; sourceTree = "<group>"; };
		86E4403A1F4A163F0040BD55 /* HomeViewContract.swift */ = {isa = PBXFileReference; fileEncoding = 4; lastKnownFileType = sourcecode.swift; path = HomeViewContract.swift; sourceTree = "<group>"; };
		86E4403B1F4A163F0040BD55 /* HomeViewController.swift */ = {isa = PBXFileReference; fileEncoding = 4; lastKnownFileType = sourcecode.swift; path = HomeViewController.swift; sourceTree = "<group>"; };
		86E440431F4A16A40040BD55 /* Startable.swift */ = {isa = PBXFileReference; fileEncoding = 4; lastKnownFileType = sourcecode.swift; path = Startable.swift; sourceTree = "<group>"; };
		86E440451F4A1A050040BD55 /* ViewControllerFactory.swift */ = {isa = PBXFileReference; fileEncoding = 4; lastKnownFileType = sourcecode.swift; path = ViewControllerFactory.swift; sourceTree = "<group>"; };
		86E4404A1F4AE7810040BD55 /* Color.swift */ = {isa = PBXFileReference; fileEncoding = 4; lastKnownFileType = sourcecode.swift; path = Color.swift; sourceTree = "<group>"; };
/* End PBXFileReference section */

/* Begin PBXFrameworksBuildPhase section */
		86CE0CA01F1BC64D00DA0916 /* Frameworks */ = {
			isa = PBXFrameworksBuildPhase;
			buildActionMask = 2147483647;
			files = (
			);
			runOnlyForDeploymentPostprocessing = 0;
		};
/* End PBXFrameworksBuildPhase section */

/* Begin PBXGroup section */
		860AE2961F5741BC004B9F65 /* Contact */ = {
			isa = PBXGroup;
			children = (
				860AE2991F57422A004B9F65 /* Model */,
				860AE2981F574220004B9F65 /* UI */,
				860AE2971F574217004B9F65 /* Presenter */,
			);
			name = Contact;
			sourceTree = "<group>";
		};
		860AE2971F574217004B9F65 /* Presenter */ = {
			isa = PBXGroup;
			children = (
				860AE29F1F574305004B9F65 /* ContactPresenter.swift */,
				860AE2A01F574305004B9F65 /* ContactPresenterImplementation.swift */,
			);
			name = Presenter;
			sourceTree = "<group>";
		};
		860AE2981F574220004B9F65 /* UI */ = {
			isa = PBXGroup;
			children = (
				867DA5161F59DA55000C5AC2 /* View */,
				860AE29C1F57429B004B9F65 /* ViewController */,
				860AE2A11F574305004B9F65 /* ContactViewContract.swift */,
			);
			name = UI;
			sourceTree = "<group>";
		};
		860AE2991F57422A004B9F65 /* Model */ = {
			isa = PBXGroup;
			children = (
				860AE29B1F574290004B9F65 /* Mapper */,
				860AE29A1F574286004B9F65 /* ViewModel */,
				860AE2AE1F599D56004B9F65 /* ContactTableViewDataSource.swift */,
			);
			name = Model;
			sourceTree = "<group>";
		};
		860AE29A1F574286004B9F65 /* ViewModel */ = {
			isa = PBXGroup;
			children = (
				860AE29D1F574305004B9F65 /* ContactControllerViewModel.swift */,
				860AE2AC1F599C88004B9F65 /* ContactTableViewModel.swift */,
				860AE2B31F59A258004B9F65 /* ContactCellViewModel.swift */,
			);
			name = ViewModel;
			sourceTree = "<group>";
		};
		860AE29B1F574290004B9F65 /* Mapper */ = {
			isa = PBXGroup;
			children = (
				860AE29E1F574305004B9F65 /* ContactControllerViewModelMapper.swift */,
				860AE2B51F59B3A1004B9F65 /* ContactTableViewModelMapper.swift */,
				860AE2B71F59B40D004B9F65 /* ContactCellViewModelMapper.swift */,
			);
			name = Mapper;
			sourceTree = "<group>";
		};
		860AE29C1F57429B004B9F65 /* ViewController */ = {
			isa = PBXGroup;
			children = (
				860AE2A21F574305004B9F65 /* ContactViewController.swift */,
			);
			name = ViewController;
			sourceTree = "<group>";
		};
		864F5EBE1F7150CE001E7064 /* FormationDetail */ = {
			isa = PBXGroup;
			children = (
				864F5EC11F7150FF001E7064 /* Model */,
				864F5EC01F7150F8001E7064 /* UI */,
				864F5EC91F71512D001E7064 /* FormationDetailViewContract.swift */,
				864F5EBF1F7150E5001E7064 /* Presenter */,
			);
			name = FormationDetail;
			sourceTree = "<group>";
		};
		864F5EBF1F7150E5001E7064 /* Presenter */ = {
			isa = PBXGroup;
			children = (
				864F5EC71F71512D001E7064 /* FormationDetailPresenter.swift */,
				864F5EC81F71512D001E7064 /* FormationDetailPresenterImplementation.swift */,
			);
			name = Presenter;
			sourceTree = "<group>";
		};
		864F5EC01F7150F8001E7064 /* UI */ = {
			isa = PBXGroup;
			children = (
				864F5EC41F715118001E7064 /* ViewController */,
			);
			name = UI;
			sourceTree = "<group>";
		};
		864F5EC11F7150FF001E7064 /* Model */ = {
			isa = PBXGroup;
			children = (
				864F5EC31F71510E001E7064 /* Mapper */,
				864F5EC21F715107001E7064 /* ViewModel */,
			);
			name = Model;
			sourceTree = "<group>";
		};
		864F5EC21F715107001E7064 /* ViewModel */ = {
			isa = PBXGroup;
			children = (
				864F5EC51F71512D001E7064 /* FormationDetailControllerViewModel.swift */,
			);
			name = ViewModel;
			sourceTree = "<group>";
		};
		864F5EC31F71510E001E7064 /* Mapper */ = {
			isa = PBXGroup;
			children = (
				864F5EC61F71512D001E7064 /* FormationDetailControllerViewModelMapper.swift */,
			);
			name = Mapper;
			sourceTree = "<group>";
		};
		864F5EC41F715118001E7064 /* ViewController */ = {
			isa = PBXGroup;
			children = (
				864F5ECA1F71512D001E7064 /* FormationDetailViewController.swift */,
			);
			name = ViewController;
			sourceTree = "<group>";
		};
		865F30E91F6A74CC00F41B5C /* Formation */ = {
			isa = PBXGroup;
			children = (
				865F30EC1F6A751000F41B5C /* Model */,
				865F30EB1F6A750A00F41B5C /* UI */,
				865F30F41F6A75F400F41B5C /* FormationViewContract.swift */,
				865F30EA1F6A74F900F41B5C /* Presenter */,
			);
			name = Formation;
			sourceTree = "<group>";
		};
		865F30EA1F6A74F900F41B5C /* Presenter */ = {
			isa = PBXGroup;
			children = (
				865F30F21F6A75F400F41B5C /* FormationPresenter.swift */,
				865F30F31F6A75F400F41B5C /* FormationPresenterImplementation.swift */,
			);
			name = Presenter;
			sourceTree = "<group>";
		};
		865F30EB1F6A750A00F41B5C /* UI */ = {
			isa = PBXGroup;
			children = (
				867FF3261F6C39CB0085A80D /* View */,
				865F30EF1F6A757B00F41B5C /* ViewController */,
			);
			name = UI;
			sourceTree = "<group>";
		};
		865F30EC1F6A751000F41B5C /* Model */ = {
			isa = PBXGroup;
			children = (
				865F30EE1F6A756E00F41B5C /* Mapper */,
				865F30ED1F6A756700F41B5C /* ViewModel */,
				867FF3241F6C38E70085A80D /* FormationCollectionViewDataSource.swift */,
			);
			name = Model;
			sourceTree = "<group>";
		};
		865F30ED1F6A756700F41B5C /* ViewModel */ = {
			isa = PBXGroup;
			children = (
				865F30F01F6A75F400F41B5C /* FormationControllerViewModel.swift */,
				867FF31C1F6C33620085A80D /* FormationCollectionViewModel.swift */,
				867FF31E1F6C33AB0085A80D /* FormationCellViewModel.swift */,
			);
			name = ViewModel;
			sourceTree = "<group>";
		};
		865F30EE1F6A756E00F41B5C /* Mapper */ = {
			isa = PBXGroup;
			children = (
				865F30F11F6A75F400F41B5C /* FormationControllerViewModelMapper.swift */,
				867FF3201F6C34680085A80D /* FormationCollectionViewModelMapper.swift */,
				867FF3221F6C36810085A80D /* FormationCellViewModelMapper.swift */,
			);
			name = Mapper;
			sourceTree = "<group>";
		};
		865F30EF1F6A757B00F41B5C /* ViewController */ = {
			isa = PBXGroup;
			children = (
				865F30F51F6A75F400F41B5C /* FormationViewController.swift */,
			);
			name = ViewController;
			sourceTree = "<group>";
		};
		867DA5161F59DA55000C5AC2 /* View */ = {
			isa = PBXGroup;
			children = (
				860AE2B01F599DE5004B9F65 /* ContactTableViewCell.swift */,
			);
			name = View;
			sourceTree = "<group>";
		};
		867DA5191F5C9711000C5AC2 /* Repositories */ = {
			isa = PBXGroup;
			children = (
				867DA51A1F5C9743000C5AC2 /* ContactRepository.swift */,
				867DA5201F5D57CF000C5AC2 /* MailRepository.swift */,
			);
			name = Repositories;
			sourceTree = "<group>";
		};
		867FF3261F6C39CB0085A80D /* View */ = {
			isa = PBXGroup;
			children = (
				867FF3271F6C39DD0085A80D /* FormationCollectionViewCell.swift */,
			);
			name = View;
			sourceTree = "<group>";
		};
		86CE0C9A1F1BC64D00DA0916 = {
			isa = PBXGroup;
			children = (
				86CE0CA51F1BC64D00DA0916 /* CV */,
				86CE0CA41F1BC64D00DA0916 /* Products */,
			);
			sourceTree = "<group>";
		};
		86CE0CA41F1BC64D00DA0916 /* Products */ = {
			isa = PBXGroup;
			children = (
				86CE0CA31F1BC64D00DA0916 /* CV.app */,
			);
			name = Products;
			sourceTree = "<group>";
		};
		86CE0CA51F1BC64D00DA0916 /* CV */ = {
			isa = PBXGroup;
			children = (
				86E440181F4A0D090040BD55 /* Source */,
				86E440171F4A0CF10040BD55 /* Ressource */,
			);
			path = CV;
			sourceTree = "<group>";
		};
		86E440171F4A0CF10040BD55 /* Ressource */ = {
			isa = PBXGroup;
			children = (
				86CE0CAD1F1BC64E00DA0916 /* Assets.xcassets */,
				86CE0CAF1F1BC64E00DA0916 /* LaunchScreen.storyboard */,
				86CE0CB21F1BC64E00DA0916 /* Info.plist */,
				86E4404F1F4B2C8D0040BD55 /* Localizable.strings */,
			);
			name = Ressource;
			sourceTree = "<group>";
		};
		86E440181F4A0D090040BD55 /* Source */ = {
			isa = PBXGroup;
			children = (
				86CE0CA61F1BC64D00DA0916 /* AppDelegate.swift */,
				86E440491F4AE6AF0040BD55 /* Categories */,
				86E440291F4A0FCA0040BD55 /* Coordinator */,
				86E4401E1F4A0EA50040BD55 /* App */,
				86E4401C1F4A0EA00040BD55 /* Core */,
				86E4401B1F4A0E9C0040BD55 /* Data */,
				86E4401A1F4A0E960040BD55 /* Factory */,
			);
			name = Source;
			sourceTree = "<group>";
		};
		86E4401A1F4A0E960040BD55 /* Factory */ = {
			isa = PBXGroup;
			children = (
				86E440451F4A1A050040BD55 /* ViewControllerFactory.swift */,
				867DA51E1F5CA536000C5AC2 /* RepositoryFactory.swift */,
			);
			name = Factory;
			sourceTree = "<group>";
		};
		86E4401B1F4A0E9C0040BD55 /* Data */ = {
			isa = PBXGroup;
			children = (
				867DA51B1F5C9743000C5AC2 /* LocalContactRepository.swift */,
				867DA5211F5D57CF000C5AC2 /* TemplateMailRepository.swift */,
			);
			name = Data;
			sourceTree = "<group>";
		};
		86E4401C1F4A0EA00040BD55 /* Core */ = {
			isa = PBXGroup;
			children = (
				867DA5191F5C9711000C5AC2 /* Repositories */,
			);
			name = Core;
			sourceTree = "<group>";
		};
		86E4401E1F4A0EA50040BD55 /* App */ = {
			isa = PBXGroup;
			children = (
				86E440421F4A16970040BD55 /* Shared */,
				86E4402F1F4A13C70040BD55 /* Home */,
				865F30E91F6A74CC00F41B5C /* Formation */,
				864F5EBE1F7150CE001E7064 /* FormationDetail */,
				860AE2961F5741BC004B9F65 /* Contact */,
			);
			name = App;
			sourceTree = "<group>";
		};
		86E440291F4A0FCA0040BD55 /* Coordinator */ = {
			isa = PBXGroup;
			children = (
				86E4402C1F4A10D50040BD55 /* Shared */,
				86E4402A1F4A0FE70040BD55 /* MainCoordinator.swift */,
				864F5EB91F714131001E7064 /* FormationCoordinator.swift */,
			);
			name = Coordinator;
			sourceTree = "<group>";
		};
		86E4402C1F4A10D50040BD55 /* Shared */ = {
			isa = PBXGroup;
			children = (
				86E4402D1F4A10DF0040BD55 /* Coordinator.swift */,
			);
			name = Shared;
			sourceTree = "<group>";
		};
		86E4402F1F4A13C70040BD55 /* Home */ = {
			isa = PBXGroup;
			children = (
				86E440321F4A13D20040BD55 /* Model */,
				86E440311F4A13D10040BD55 /* UI */,
				86E4403A1F4A163F0040BD55 /* HomeViewContract.swift */,
				86E440301F4A13CF0040BD55 /* Presenter */,
			);
			name = Home;
			sourceTree = "<group>";
		};
		86E440301F4A13CF0040BD55 /* Presenter */ = {
			isa = PBXGroup;
			children = (
				86E440381F4A163F0040BD55 /* HomePresenter.swift */,
				86E440391F4A163F0040BD55 /* HomePresenterImplementation.swift */,
			);
			name = Presenter;
			sourceTree = "<group>";
		};
		86E440311F4A13D10040BD55 /* UI */ = {
			isa = PBXGroup;
			children = (
				86E440351F4A14060040BD55 /* ViewController */,
			);
			name = UI;
			sourceTree = "<group>";
		};
		86E440321F4A13D20040BD55 /* Model */ = {
			isa = PBXGroup;
			children = (
				86E440341F4A14000040BD55 /* Mapper */,
				86E440331F4A13F90040BD55 /* ViewModel */,
			);
			name = Model;
			sourceTree = "<group>";
		};
		86E440331F4A13F90040BD55 /* ViewModel */ = {
			isa = PBXGroup;
			children = (
				86E440361F4A163F0040BD55 /* HomeControllerViewModel.swift */,
			);
			name = ViewModel;
			sourceTree = "<group>";
		};
		86E440341F4A14000040BD55 /* Mapper */ = {
			isa = PBXGroup;
			children = (
				86E440371F4A163F0040BD55 /* HomeControllerViewModelMapper.swift */,
			);
			name = Mapper;
			sourceTree = "<group>";
		};
		86E440351F4A14060040BD55 /* ViewController */ = {
			isa = PBXGroup;
			children = (
				86E4403B1F4A163F0040BD55 /* HomeViewController.swift */,
			);
			name = ViewController;
			sourceTree = "<group>";
		};
		86E440421F4A16970040BD55 /* Shared */ = {
			isa = PBXGroup;
			children = (
				86E440431F4A16A40040BD55 /* Startable.swift */,
			);
			name = Shared;
			sourceTree = "<group>";
		};
		86E440491F4AE6AF0040BD55 /* Categories */ = {
			isa = PBXGroup;
			children = (
				86E4404A1F4AE7810040BD55 /* Color.swift */,
				862095C01F545E41005B1C7C /* StringLocalized.swift */,
				862095BE1F4D7DB8005B1C7C /* ViewRounded.swift */,
				867DA5171F59DC0F000C5AC2 /* UITableView+Registerable.swift */,
				863ECEA01F69378700817C6D /* Results.swift */,
				863ECEA21F69645500817C6D /* CVError.swift */,
				867FF32B1F6C3BED0085A80D /* UICollectionView+Registerable.swift */,
			);
			name = Categories;
			sourceTree = "<group>";
		};
/* End PBXGroup section */

/* Begin PBXNativeTarget section */
		86CE0CA21F1BC64D00DA0916 /* CV */ = {
			isa = PBXNativeTarget;
			buildConfigurationList = 86CE0CB51F1BC64E00DA0916 /* Build configuration list for PBXNativeTarget "CV" */;
			buildPhases = (
				86CE0C9F1F1BC64D00DA0916 /* Sources */,
				86CE0CA01F1BC64D00DA0916 /* Frameworks */,
				86CE0CA11F1BC64D00DA0916 /* Resources */,
			);
			buildRules = (
			);
			dependencies = (
			);
			name = CV;
			productName = CV;
			productReference = 86CE0CA31F1BC64D00DA0916 /* CV.app */;
			productType = "com.apple.product-type.application";
		};
/* End PBXNativeTarget section */

/* Begin PBXProject section */
		86CE0C9B1F1BC64D00DA0916 /* Project object */ = {
			isa = PBXProject;
			attributes = {
				LastSwiftUpdateCheck = 0820;
				LastUpgradeCheck = 0820;
				ORGANIZATIONNAME = "Mélodie Benmouffek";
				TargetAttributes = {
					86CE0CA21F1BC64D00DA0916 = {
						CreatedOnToolsVersion = 8.2.1;
						DevelopmentTeam = XU5C3X4869;
						ProvisioningStyle = Automatic;
					};
				};
			};
			buildConfigurationList = 86CE0C9E1F1BC64D00DA0916 /* Build configuration list for PBXProject "CV" */;
			compatibilityVersion = "Xcode 3.2";
			developmentRegion = English;
			hasScannedForEncodings = 0;
			knownRegions = (
				en,
				Base,
			);
			mainGroup = 86CE0C9A1F1BC64D00DA0916;
			productRefGroup = 86CE0CA41F1BC64D00DA0916 /* Products */;
			projectDirPath = "";
			projectRoot = "";
			targets = (
				86CE0CA21F1BC64D00DA0916 /* CV */,
			);
		};
/* End PBXProject section */

/* Begin PBXResourcesBuildPhase section */
		86CE0CA11F1BC64D00DA0916 /* Resources */ = {
			isa = PBXResourcesBuildPhase;
			buildActionMask = 2147483647;
			files = (
				86CE0CB11F1BC64E00DA0916 /* LaunchScreen.storyboard in Resources */,
				86E440511F4B2C8D0040BD55 /* Localizable.strings in Resources */,
				86CE0CAE1F1BC64E00DA0916 /* Assets.xcassets in Resources */,
			);
			runOnlyForDeploymentPostprocessing = 0;
		};
/* End PBXResourcesBuildPhase section */

/* Begin PBXSourcesBuildPhase section */
		86CE0C9F1F1BC64D00DA0916 /* Sources */ = {
			isa = PBXSourcesBuildPhase;
			buildActionMask = 2147483647;
			files = (
				867FF31F1F6C33AB0085A80D /* FormationCellViewModel.swift in Sources */,
				86E440441F4A16A40040BD55 /* Startable.swift in Sources */,
				86CE0CA71F1BC64D00DA0916 /* AppDelegate.swift in Sources */,
				867DA5231F5D57CF000C5AC2 /* TemplateMailRepository.swift in Sources */,
				860AE2A51F574305004B9F65 /* ContactPresenter.swift in Sources */,
				867FF3211F6C34680085A80D /* FormationCollectionViewModelMapper.swift in Sources */,
				864F5ECB1F71512D001E7064 /* FormationDetailControllerViewModel.swift in Sources */,
				867DA5221F5D57CF000C5AC2 /* MailRepository.swift in Sources */,
				860AE2A41F574305004B9F65 /* ContactControllerViewModelMapper.swift in Sources */,
				86E4403C1F4A163F0040BD55 /* HomeControllerViewModel.swift in Sources */,
				864F5EBA1F714131001E7064 /* FormationCoordinator.swift in Sources */,
				864F5ECE1F71512D001E7064 /* FormationDetailPresenterImplementation.swift in Sources */,
				867FF32C1F6C3BED0085A80D /* UICollectionView+Registerable.swift in Sources */,
				86E4403F1F4A163F0040BD55 /* HomePresenterImplementation.swift in Sources */,
				865F30F81F6A75F400F41B5C /* FormationPresenter.swift in Sources */,
				864F5ECC1F71512D001E7064 /* FormationDetailControllerViewModelMapper.swift in Sources */,
				860AE2B11F599DE5004B9F65 /* ContactTableViewCell.swift in Sources */,
				867FF3281F6C39DD0085A80D /* FormationCollectionViewCell.swift in Sources */,
				86E440401F4A163F0040BD55 /* HomeViewContract.swift in Sources */,
				860AE2B61F59B3A1004B9F65 /* ContactTableViewModelMapper.swift in Sources */,
				860AE2A61F574305004B9F65 /* ContactPresenterImplementation.swift in Sources */,
				864F5ED01F71512D001E7064 /* FormationDetailViewController.swift in Sources */,
				860AE2AF1F599D56004B9F65 /* ContactTableViewDataSource.swift in Sources */,
				865F30FB1F6A75F400F41B5C /* FormationViewController.swift in Sources */,
				867DA51F1F5CA536000C5AC2 /* RepositoryFactory.swift in Sources */,
				860AE2A71F574305004B9F65 /* ContactViewContract.swift in Sources */,
				865F30F91F6A75F400F41B5C /* FormationPresenterImplementation.swift in Sources */,
				867FF3251F6C38E70085A80D /* FormationCollectionViewDataSource.swift in Sources */,
				864F5ECD1F71512D001E7064 /* FormationDetailPresenter.swift in Sources */,
				860AE2B81F59B40D004B9F65 /* ContactCellViewModelMapper.swift in Sources */,
				860AE2A81F574305004B9F65 /* ContactViewController.swift in Sources */,
				86E4404B1F4AE7810040BD55 /* Color.swift in Sources */,
				865F30F61F6A75F400F41B5C /* FormationControllerViewModel.swift in Sources */,
				865F30F71F6A75F400F41B5C /* FormationControllerViewModelMapper.swift in Sources */,
				867FF3231F6C36810085A80D /* FormationCellViewModelMapper.swift in Sources */,
				864F5ECF1F71512D001E7064 /* FormationDetailViewContract.swift in Sources */,
				863ECEA11F69378700817C6D /* Results.swift in Sources */,
				86E4402B1F4A0FE70040BD55 /* MainCoordinator.swift in Sources */,
				86E440411F4A163F0040BD55 /* HomeViewController.swift in Sources */,
				867DA51D1F5C9743000C5AC2 /* LocalContactRepository.swift in Sources */,
				86E4403E1F4A163F0040BD55 /* HomePresenter.swift in Sources */,
				867DA5181F59DC0F000C5AC2 /* UITableView+Registerable.swift in Sources */,
				862095BF1F4D7DB8005B1C7C /* ViewRounded.swift in Sources */,
				860AE2A31F574305004B9F65 /* ContactControllerViewModel.swift in Sources */,
				863ECEA31F69645500817C6D /* CVError.swift in Sources */,
				860AE2AD1F599C88004B9F65 /* ContactTableViewModel.swift in Sources */,
				86E4403D1F4A163F0040BD55 /* HomeControllerViewModelMapper.swift in Sources */,
				86E4402E1F4A10DF0040BD55 /* Coordinator.swift in Sources */,
				867FF31D1F6C33620085A80D /* FormationCollectionViewModel.swift in Sources */,
				860AE2B41F59A258004B9F65 /* ContactCellViewModel.swift in Sources */,
				862095C11F545E41005B1C7C /* StringLocalized.swift in Sources */,
				865F30FA1F6A75F400F41B5C /* FormationViewContract.swift in Sources */,
				867DA51C1F5C9743000C5AC2 /* ContactRepository.swift in Sources */,
				86E440461F4A1A050040BD55 /* ViewControllerFactory.swift in Sources */,
			);
			runOnlyForDeploymentPostprocessing = 0;
		};
/* End PBXSourcesBuildPhase section */

/* Begin PBXVariantGroup section */
		86CE0CAF1F1BC64E00DA0916 /* LaunchScreen.storyboard */ = {
			isa = PBXVariantGroup;
			children = (
				86CE0CB01F1BC64E00DA0916 /* Base */,
			);
			name = LaunchScreen.storyboard;
			sourceTree = "<group>";
		};
		86E4404F1F4B2C8D0040BD55 /* Localizable.strings */ = {
			isa = PBXVariantGroup;
			children = (
				86CEFA7F1F4B30DC00CC18D3 /* fr */,
			);
			name = Localizable.strings;
			sourceTree = "<group>";
		};
/* End PBXVariantGroup section */

/* Begin XCBuildConfiguration section */
		86CE0CB31F1BC64E00DA0916 /* Debug */ = {
			isa = XCBuildConfiguration;
			buildSettings = {
				ALWAYS_SEARCH_USER_PATHS = NO;
				CLANG_ANALYZER_LOCALIZABILITY_NONLOCALIZED = YES;
				CLANG_ANALYZER_NONNULL = YES;
				CLANG_CXX_LANGUAGE_STANDARD = "gnu++0x";
				CLANG_CXX_LIBRARY = "libc++";
				CLANG_ENABLE_MODULES = YES;
				CLANG_ENABLE_OBJC_ARC = YES;
				CLANG_WARN_BOOL_CONVERSION = YES;
				CLANG_WARN_CONSTANT_CONVERSION = YES;
				CLANG_WARN_DIRECT_OBJC_ISA_USAGE = YES_ERROR;
				CLANG_WARN_DOCUMENTATION_COMMENTS = YES;
				CLANG_WARN_EMPTY_BODY = YES;
				CLANG_WARN_ENUM_CONVERSION = YES;
				CLANG_WARN_INFINITE_RECURSION = YES;
				CLANG_WARN_INT_CONVERSION = YES;
				CLANG_WARN_OBJC_ROOT_CLASS = YES_ERROR;
				CLANG_WARN_SUSPICIOUS_MOVE = YES;
				CLANG_WARN_UNREACHABLE_CODE = YES;
				CLANG_WARN__DUPLICATE_METHOD_MATCH = YES;
				"CODE_SIGN_IDENTITY[sdk=iphoneos*]" = "iPhone Developer";
				COPY_PHASE_STRIP = NO;
				DEBUG_INFORMATION_FORMAT = dwarf;
				ENABLE_STRICT_OBJC_MSGSEND = YES;
				ENABLE_TESTABILITY = YES;
				GCC_C_LANGUAGE_STANDARD = gnu99;
				GCC_DYNAMIC_NO_PIC = NO;
				GCC_NO_COMMON_BLOCKS = YES;
				GCC_OPTIMIZATION_LEVEL = 0;
				GCC_PREPROCESSOR_DEFINITIONS = (
					"DEBUG=1",
					"$(inherited)",
				);
				GCC_WARN_64_TO_32_BIT_CONVERSION = YES;
				GCC_WARN_ABOUT_RETURN_TYPE = YES_ERROR;
				GCC_WARN_UNDECLARED_SELECTOR = YES;
				GCC_WARN_UNINITIALIZED_AUTOS = YES_AGGRESSIVE;
				GCC_WARN_UNUSED_FUNCTION = YES;
				GCC_WARN_UNUSED_VARIABLE = YES;
				IPHONEOS_DEPLOYMENT_TARGET = 10.2;
				MTL_ENABLE_DEBUG_INFO = YES;
				ONLY_ACTIVE_ARCH = YES;
				SDKROOT = iphoneos;
				SWIFT_ACTIVE_COMPILATION_CONDITIONS = DEBUG;
				SWIFT_OPTIMIZATION_LEVEL = "-Onone";
				TARGETED_DEVICE_FAMILY = "1,2";
			};
			name = Debug;
		};
		86CE0CB41F1BC64E00DA0916 /* Release */ = {
			isa = XCBuildConfiguration;
			buildSettings = {
				ALWAYS_SEARCH_USER_PATHS = NO;
				CLANG_ANALYZER_LOCALIZABILITY_NONLOCALIZED = YES;
				CLANG_ANALYZER_NONNULL = YES;
				CLANG_CXX_LANGUAGE_STANDARD = "gnu++0x";
				CLANG_CXX_LIBRARY = "libc++";
				CLANG_ENABLE_MODULES = YES;
				CLANG_ENABLE_OBJC_ARC = YES;
				CLANG_WARN_BOOL_CONVERSION = YES;
				CLANG_WARN_CONSTANT_CONVERSION = YES;
				CLANG_WARN_DIRECT_OBJC_ISA_USAGE = YES_ERROR;
				CLANG_WARN_DOCUMENTATION_COMMENTS = YES;
				CLANG_WARN_EMPTY_BODY = YES;
				CLANG_WARN_ENUM_CONVERSION = YES;
				CLANG_WARN_INFINITE_RECURSION = YES;
				CLANG_WARN_INT_CONVERSION = YES;
				CLANG_WARN_OBJC_ROOT_CLASS = YES_ERROR;
				CLANG_WARN_SUSPICIOUS_MOVE = YES;
				CLANG_WARN_UNREACHABLE_CODE = YES;
				CLANG_WARN__DUPLICATE_METHOD_MATCH = YES;
				"CODE_SIGN_IDENTITY[sdk=iphoneos*]" = "iPhone Developer";
				COPY_PHASE_STRIP = NO;
				DEBUG_INFORMATION_FORMAT = "dwarf-with-dsym";
				ENABLE_NS_ASSERTIONS = NO;
				ENABLE_STRICT_OBJC_MSGSEND = YES;
				GCC_C_LANGUAGE_STANDARD = gnu99;
				GCC_NO_COMMON_BLOCKS = YES;
				GCC_WARN_64_TO_32_BIT_CONVERSION = YES;
				GCC_WARN_ABOUT_RETURN_TYPE = YES_ERROR;
				GCC_WARN_UNDECLARED_SELECTOR = YES;
				GCC_WARN_UNINITIALIZED_AUTOS = YES_AGGRESSIVE;
				GCC_WARN_UNUSED_FUNCTION = YES;
				GCC_WARN_UNUSED_VARIABLE = YES;
				IPHONEOS_DEPLOYMENT_TARGET = 10.2;
				MTL_ENABLE_DEBUG_INFO = NO;
				SDKROOT = iphoneos;
				SWIFT_OPTIMIZATION_LEVEL = "-Owholemodule";
				TARGETED_DEVICE_FAMILY = "1,2";
				VALIDATE_PRODUCT = YES;
			};
			name = Release;
		};
		86CE0CB61F1BC64E00DA0916 /* Debug */ = {
			isa = XCBuildConfiguration;
			buildSettings = {
				ASSETCATALOG_COMPILER_APPICON_NAME = AppIcon;
				"CODE_SIGN_IDENTITY[sdk=iphoneos*]" = "iPhone Developer";
				DEVELOPMENT_TEAM = XU5C3X4869;
				INFOPLIST_FILE = CV/Info.plist;
				LD_RUNPATH_SEARCH_PATHS = "$(inherited) @executable_path/Frameworks";
				PRODUCT_BUNDLE_IDENTIFIER = MyCompany.CV;
				PRODUCT_NAME = "$(TARGET_NAME)";
				SWIFT_VERSION = 3.0;
			};
			name = Debug;
		};
		86CE0CB71F1BC64E00DA0916 /* Release */ = {
			isa = XCBuildConfiguration;
			buildSettings = {
				ASSETCATALOG_COMPILER_APPICON_NAME = AppIcon;
				"CODE_SIGN_IDENTITY[sdk=iphoneos*]" = "iPhone Developer";
				DEVELOPMENT_TEAM = XU5C3X4869;
				INFOPLIST_FILE = CV/Info.plist;
				LD_RUNPATH_SEARCH_PATHS = "$(inherited) @executable_path/Frameworks";
				PRODUCT_BUNDLE_IDENTIFIER = MyCompany.CV;
				PRODUCT_NAME = "$(TARGET_NAME)";
				SWIFT_VERSION = 3.0;
			};
			name = Release;
		};
/* End XCBuildConfiguration section */

/* Begin XCConfigurationList section */
		86CE0C9E1F1BC64D00DA0916 /* Build configuration list for PBXProject "CV" */ = {
			isa = XCConfigurationList;
			buildConfigurations = (
				86CE0CB31F1BC64E00DA0916 /* Debug */,
				86CE0CB41F1BC64E00DA0916 /* Release */,
			);
			defaultConfigurationIsVisible = 0;
			defaultConfigurationName = Release;
		};
		86CE0CB51F1BC64E00DA0916 /* Build configuration list for PBXNativeTarget "CV" */ = {
			isa = XCConfigurationList;
			buildConfigurations = (
				86CE0CB61F1BC64E00DA0916 /* Debug */,
				86CE0CB71F1BC64E00DA0916 /* Release */,
			);
			defaultConfigurationIsVisible = 0;
			defaultConfigurationName = Release;
		};
/* End XCConfigurationList section */
	};
	rootObject = 86CE0C9B1F1BC64D00DA0916 /* Project object */;
}
